
Microsoft Visual Studio Solution File, Format Version 12.00
# Visual Studio Version 17
VisualStudioVersion = 17.14.36301.6
MinimumVisualStudioVersion = 10.0.40219.1
Project("{8BC9CEB8-8B4A-11D0-8D11-00A0C91BC942}") = "gMockSample_001", "gMockSample_001\gMockSample_001.vcxproj", "{EC0E7C49-81F3-4121-A83C-42595DB7C638}"
EndProject
Project("{8BC9CEB8-8B4A-11D0-8D11-00A0C91BC942}") = "gMockSample_002", "gMockSample_002\gMockSample_002.vcxproj", "{113E99B4-5DD9-4266-B0C7-4F0931D127CE}"
EndProject
Project("{8BC9CEB8-8B4A-11D0-8D11-00A0C91BC942}") = "gMockSample_003", "gMockSample_003\gMockSample_003.vcxproj", "{F4FA529C-8CC9-455A-A17D-49A661418A2F}"
EndProject
Project("{8BC9CEB8-8B4A-11D0-8D11-00A0C91BC942}") = "gMockSample_004", "gMockSample_004\gMockSample_004.vcxproj", "{51EC004D-F970-4732-840A-0E66652BBF77}"
EndProject
Project("{8BC9CEB8-8B4A-11D0-8D11-00A0C91BC942}") = "gMockSample_005", "gMockSample_005\gMockSample_005.vcxproj", "{F6018A2E-4087-4F65-92D8-61E60FEDBD43}"
EndProject
Project("{8BC9CEB8-8B4A-11D0-8D11-00A0C91BC942}") = "gMockSample_006", "gMockSample_006\gMockSample_006.vcxproj", "{786514A5-61AD-44A2-BA33-CE4F6642BA9A}"
EndProject
Project("{8BC9CEB8-8B4A-11D0-8D11-00A0C91BC942}") = "gMockSample_007", "gMockSample_007\gMockSample_007.vcxproj", "{A220DA0D-082A-49FD-9BA6-C59259612339}"
EndProject
Project("{8BC9CEB8-8B4A-11D0-8D11-00A0C91BC942}") = "gMockSample_008", "gMockSample_008\gMockSample_008.vcxproj", "{86A4A261-CE91-49D0-BE53-6A5A338538FD}"
EndProject
Project("{8BC9CEB8-8B4A-11D0-8D11-00A0C91BC942}") = "gMockSample_009", "gMockSample_009\gMockSample_009.vcxproj", "{9012AF30-878C-40E3-A8DA-92E8A0F4470F}"
EndProject
Global
	GlobalSection(SolutionConfigurationPlatforms) = preSolution
		Debug|x64 = Debug|x64
		Debug|x86 = Debug|x86
		Release|x64 = Release|x64
		Release|x86 = Release|x86
	EndGlobalSection
	GlobalSection(ProjectConfigurationPlatforms) = postSolution
		{EC0E7C49-81F3-4121-A83C-42595DB7C638}.Debug|x64.ActiveCfg = Debug|x64
		{EC0E7C49-81F3-4121-A83C-42595DB7C638}.Debug|x64.Build.0 = Debug|x64
		{EC0E7C49-81F3-4121-A83C-42595DB7C638}.Debug|x86.ActiveCfg = Debug|Win32
		{EC0E7C49-81F3-4121-A83C-42595DB7C638}.Debug|x86.Build.0 = Debug|Win32
		{EC0E7C49-81F3-4121-A83C-42595DB7C638}.Release|x64.ActiveCfg = Release|x64
		{EC0E7C49-81F3-4121-A83C-42595DB7C638}.Release|x64.Build.0 = Release|x64
		{EC0E7C49-81F3-4121-A83C-42595DB7C638}.Release|x86.ActiveCfg = Release|Win32
		{EC0E7C49-81F3-4121-A83C-42595DB7C638}.Release|x86.Build.0 = Release|Win32
		{113E99B4-5DD9-4266-B0C7-4F0931D127CE}.Debug|x64.ActiveCfg = Debug|x64
		{113E99B4-5DD9-4266-B0C7-4F0931D127CE}.Debug|x64.Build.0 = Debug|x64
		{113E99B4-5DD9-4266-B0C7-4F0931D127CE}.Debug|x86.ActiveCfg = Debug|Win32
		{113E99B4-5DD9-4266-B0C7-4F0931D127CE}.Debug|x86.Build.0 = Debug|Win32
		{113E99B4-5DD9-4266-B0C7-4F0931D127CE}.Release|x64.ActiveCfg = Release|x64
		{113E99B4-5DD9-4266-B0C7-4F0931D127CE}.Release|x64.Build.0 = Release|x64
		{113E99B4-5DD9-4266-B0C7-4F0931D127CE}.Release|x86.ActiveCfg = Release|Win32
		{113E99B4-5DD9-4266-B0C7-4F0931D127CE}.Release|x86.Build.0 = Release|Win32
		{F4FA529C-8CC9-455A-A17D-49A661418A2F}.Debug|x64.ActiveCfg = Debug|x64
		{F4FA529C-8CC9-455A-A17D-49A661418A2F}.Debug|x64.Build.0 = Debug|x64
		{F4FA529C-8CC9-455A-A17D-49A661418A2F}.Debug|x86.ActiveCfg = Debug|Win32
		{F4FA529C-8CC9-455A-A17D-49A661418A2F}.Debug|x86.Build.0 = Debug|Win32
		{F4FA529C-8CC9-455A-A17D-49A661418A2F}.Release|x64.ActiveCfg = Release|x64
		{F4FA529C-8CC9-455A-A17D-49A661418A2F}.Release|x64.Build.0 = Release|x64
		{F4FA529C-8CC9-455A-A17D-49A661418A2F}.Release|x86.ActiveCfg = Release|Win32
		{F4FA529C-8CC9-455A-A17D-49A661418A2F}.Release|x86.Build.0 = Release|Win32
		{51EC004D-F970-4732-840A-0E66652BBF77}.Debug|x64.ActiveCfg = Debug|x64
		{51EC004D-F970-4732-840A-0E66652BBF77}.Debug|x64.Build.0 = Debug|x64
		{51EC004D-F970-4732-840A-0E66652BBF77}.Debug|x86.ActiveCfg = Debug|Win32
		{51EC004D-F970-4732-840A-0E66652BBF77}.Debug|x86.Build.0 = Debug|Win32
		{51EC004D-F970-4732-840A-0E66652BBF77}.Release|x64.ActiveCfg = Release|x64
		{51EC004D-F970-4732-840A-0E66652BBF77}.Release|x64.Build.0 = Release|x64
		{51EC004D-F970-4732-840A-0E66652BBF77}.Release|x86.ActiveCfg = Release|Win32
		{51EC004D-F970-4732-840A-0E66652BBF77}.Release|x86.Build.0 = Release|Win32
		{F6018A2E-4087-4F65-92D8-61E60FEDBD43}.Debug|x64.ActiveCfg = Debug|x64
		{F6018A2E-4087-4F65-92D8-61E60FEDBD43}.Debug|x64.Build.0 = Debug|x64
		{F6018A2E-4087-4F65-92D8-61E60FEDBD43}.Debug|x86.ActiveCfg = Debug|Win32
		{F6018A2E-4087-4F65-92D8-61E60FEDBD43}.Debug|x86.Build.0 = Debug|Win32
		{F6018A2E-4087-4F65-92D8-61E60FEDBD43}.Release|x64.ActiveCfg = Release|x64
		{F6018A2E-4087-4F65-92D8-61E60FEDBD43}.Release|x64.Build.0 = Release|x64
		{F6018A2E-4087-4F65-92D8-61E60FEDBD43}.Release|x86.ActiveCfg = Release|Win32
		{F6018A2E-4087-4F65-92D8-61E60FEDBD43}.Release|x86.Build.0 = Release|Win32
		{786514A5-61AD-44A2-BA33-CE4F6642BA9A}.Debug|x64.ActiveCfg = Debug|x64
		{786514A5-61AD-44A2-BA33-CE4F6642BA9A}.Debug|x64.Build.0 = Debug|x64
		{786514A5-61AD-44A2-BA33-CE4F6642BA9A}.Debug|x86.ActiveCfg = Debug|Win32
		{786514A5-61AD-44A2-BA33-CE4F6642BA9A}.Debug|x86.Build.0 = Debug|Win32
		{786514A5-61AD-44A2-BA33-CE4F6642BA9A}.Release|x64.ActiveCfg = Release|x64
		{786514A5-61AD-44A2-BA33-CE4F6642BA9A}.Release|x64.Build.0 = Release|x64
		{786514A5-61AD-44A2-BA33-CE4F6642BA9A}.Release|x86.ActiveCfg = Release|Win32
		{786514A5-61AD-44A2-BA33-CE4F6642BA9A}.Release|x86.Build.0 = Release|Win32
		{A220DA0D-082A-49FD-9BA6-C59259612339}.Debug|x64.ActiveCfg = Debug|x64
		{A220DA0D-082A-49FD-9BA6-C59259612339}.Debug|x64.Build.0 = Debug|x64
		{A220DA0D-082A-49FD-9BA6-C59259612339}.Debug|x86.ActiveCfg = Debug|Win32
		{A220DA0D-082A-49FD-9BA6-C59259612339}.Debug|x86.Build.0 = Debug|Win32
		{A220DA0D-082A-49FD-9BA6-C59259612339}.Release|x64.ActiveCfg = Release|x64
		{A220DA0D-082A-49FD-9BA6-C59259612339}.Release|x64.Build.0 = Release|x64
		{A220DA0D-082A-49FD-9BA6-C59259612339}.Release|x86.ActiveCfg = Release|Win32
		{A220DA0D-082A-49FD-9BA6-C59259612339}.Release|x86.Build.0 = Release|Win32
		{86A4A261-CE91-49D0-BE53-6A5A338538FD}.Debug|x64.ActiveCfg = Debug|x64
		{86A4A261-CE91-49D0-BE53-6A5A338538FD}.Debug|x64.Build.0 = Debug|x64
		{86A4A261-CE91-49D0-BE53-6A5A338538FD}.Debug|x86.ActiveCfg = Debug|Win32
		{86A4A261-CE91-49D0-BE53-6A5A338538FD}.Debug|x86.Build.0 = Debug|Win32
		{86A4A261-CE91-49D0-BE53-6A5A338538FD}.Release|x64.ActiveCfg = Release|x64
		{86A4A261-CE91-49D0-BE53-6A5A338538FD}.Release|x64.Build.0 = Release|x64
		{86A4A261-CE91-49D0-BE53-6A5A338538FD}.Release|x86.ActiveCfg = Release|Win32
		{86A4A261-CE91-49D0-BE53-6A5A338538FD}.Release|x86.Build.0 = Release|Win32
		{9012AF30-878C-40E3-A8DA-92E8A0F4470F}.Debug|x64.ActiveCfg = Debug|x64
		{9012AF30-878C-40E3-A8DA-92E8A0F4470F}.Debug|x64.Build.0 = Debug|x64
		{9012AF30-878C-40E3-A8DA-92E8A0F4470F}.Debug|x86.ActiveCfg = Debug|Win32
		{9012AF30-878C-40E3-A8DA-92E8A0F4470F}.Debug|x86.Build.0 = Debug|Win32
		{9012AF30-878C-40E3-A8DA-92E8A0F4470F}.Release|x64.ActiveCfg = Release|x64
		{9012AF30-878C-40E3-A8DA-92E8A0F4470F}.Release|x64.Build.0 = Release|x64
		{9012AF30-878C-40E3-A8DA-92E8A0F4470F}.Release|x86.ActiveCfg = Release|Win32
		{9012AF30-878C-40E3-A8DA-92E8A0F4470F}.Release|x86.Build.0 = Release|Win32
	EndGlobalSection
	GlobalSection(SolutionProperties) = preSolution
		HideSolutionNode = FALSE
	EndGlobalSection
	GlobalSection(ExtensibilityGlobals) = postSolution
		SolutionGuid = {0048402F-8F76-4B18-A1C5-79BAF63A208C}
	EndGlobalSection
EndGlobal
