
Microsoft Visual Studio Solution File, Format Version 12.00
# Visual Studio Version 16
VisualStudioVersion = 16.0.30907.101
MinimumVisualStudioVersion = 10.0.40219.1
Project("{8BC9CEB8-8B4A-11D0-8D11-00A0C91BC942}") = "DllStaticDataSample", "DllStaticDataSample\DllStaticDataSample.vcxproj", "{DEE698EC-B193-4914-A10E-DF3509B46F2F}"
EndProject
Project("{8BC9CEB8-8B4A-11D0-8D11-00A0C91BC942}") = "DllStaticDataGetter", "DllStaticDataGetter\DllStaticDataGetter.vcxproj", "{F315450A-8546-4459-B7D3-CF4353A10943}"
	ProjectSection(ProjectDependencies) = postProject
		{DEE698EC-B193-4914-A10E-DF3509B46F2F} = {DEE698EC-B193-4914-A10E-DF3509B46F2F}
	EndProjectSection
EndProject
Project("{8BC9CEB8-8B4A-11D0-8D11-00A0C91BC942}") = "DllStaticDataSetter", "DllStaticDataSetter\DllStaticDataSetter.vcxproj", "{4E76DAC8-3CC0-4D41-9818-47F498FC91E2}"
	ProjectSection(ProjectDependencies) = postProject
		{F315450A-8546-4459-B7D3-CF4353A10943} = {F315450A-8546-4459-B7D3-CF4353A10943}
	EndProjectSection
EndProject
Global
	GlobalSection(SolutionConfigurationPlatforms) = preSolution
		Debug|x64 = Debug|x64
		Debug|x86 = Debug|x86
		Release|x64 = Release|x64
		Release|x86 = Release|x86
	EndGlobalSection
	GlobalSection(ProjectConfigurationPlatforms) = postSolution
		{DEE698EC-B193-4914-A10E-DF3509B46F2F}.Debug|x64.ActiveCfg = Debug|x64
		{DEE698EC-B193-4914-A10E-DF3509B46F2F}.Debug|x64.Build.0 = Debug|x64
		{DEE698EC-B193-4914-A10E-DF3509B46F2F}.Debug|x86.ActiveCfg = Debug|Win32
		{DEE698EC-B193-4914-A10E-DF3509B46F2F}.Debug|x86.Build.0 = Debug|Win32
		{DEE698EC-B193-4914-A10E-DF3509B46F2F}.Release|x64.ActiveCfg = Release|x64
		{DEE698EC-B193-4914-A10E-DF3509B46F2F}.Release|x64.Build.0 = Release|x64
		{DEE698EC-B193-4914-A10E-DF3509B46F2F}.Release|x86.ActiveCfg = Release|Win32
		{DEE698EC-B193-4914-A10E-DF3509B46F2F}.Release|x86.Build.0 = Release|Win32
		{F315450A-8546-4459-B7D3-CF4353A10943}.Debug|x64.ActiveCfg = Debug|x64
		{F315450A-8546-4459-B7D3-CF4353A10943}.Debug|x64.Build.0 = Debug|x64
		{F315450A-8546-4459-B7D3-CF4353A10943}.Debug|x86.ActiveCfg = Debug|Win32
		{F315450A-8546-4459-B7D3-CF4353A10943}.Debug|x86.Build.0 = Debug|Win32
		{F315450A-8546-4459-B7D3-CF4353A10943}.Release|x64.ActiveCfg = Release|x64
		{F315450A-8546-4459-B7D3-CF4353A10943}.Release|x64.Build.0 = Release|x64
		{F315450A-8546-4459-B7D3-CF4353A10943}.Release|x86.ActiveCfg = Release|Win32
		{F315450A-8546-4459-B7D3-CF4353A10943}.Release|x86.Build.0 = Release|Win32
		{4E76DAC8-3CC0-4D41-9818-47F498FC91E2}.Debug|x64.ActiveCfg = Debug|x64
		{4E76DAC8-3CC0-4D41-9818-47F498FC91E2}.Debug|x64.Build.0 = Debug|x64
		{4E76DAC8-3CC0-4D41-9818-47F498FC91E2}.Debug|x86.ActiveCfg = Debug|Win32
		{4E76DAC8-3CC0-4D41-9818-47F498FC91E2}.Debug|x86.Build.0 = Debug|Win32
		{4E76DAC8-3CC0-4D41-9818-47F498FC91E2}.Release|x64.ActiveCfg = Release|x64
		{4E76DAC8-3CC0-4D41-9818-47F498FC91E2}.Release|x64.Build.0 = Release|x64
		{4E76DAC8-3CC0-4D41-9818-47F498FC91E2}.Release|x86.ActiveCfg = Release|Win32
		{4E76DAC8-3CC0-4D41-9818-47F498FC91E2}.Release|x86.Build.0 = Release|Win32
	EndGlobalSection
	GlobalSection(SolutionProperties) = preSolution
		HideSolutionNode = FALSE
	EndGlobalSection
	GlobalSection(ExtensibilityGlobals) = postSolution
		SolutionGuid = {453630DE-3185-479D-A1F6-C9ED50B78470}
	EndGlobalSection
EndGlobal
